
Microsoft Visual Studio Solution File, Format Version 12.00
# Visual Studio Version 17
VisualStudioVersion = 17.11.35219.272
MinimumVisualStudioVersion = 10.0.40219.1
Project("{9A19103F-16F7-4668-BE54-9A1E7A4F7556}") = "PasearPorPasear", "PasearPorPasear\PasearPorPasear.csproj", "{57674CD2-C332-449E-B03A-1E027FD58145}"
EndProject
Global
	GlobalSection(SolutionConfigurationPlatforms) = preSolution
		Debug|Any CPU = Debug|Any CPU
		Release|Any CPU = Release|Any CPU
	EndGlobalSection
	GlobalSection(ProjectConfigurationPlatforms) = postSolution
		{57674CD2-C332-449E-B03A-1E027FD58145}.Debug|Any CPU.ActiveCfg = Debug|Any CPU
		{57674CD2-C332-449E-B03A-1E027FD58145}.Debug|Any CPU.Build.0 = Debug|Any CPU
		{57674CD2-C332-449E-B03A-1E027FD58145}.Release|Any CPU.ActiveCfg = Release|Any CPU
		{57674CD2-C332-449E-B03A-1E027FD58145}.Release|Any CPU.Build.0 = Release|Any CPU
	EndGlobalSection
	GlobalSection(SolutionProperties) = preSolution
		HideSolutionNode = FALSE
	EndGlobalSection
	GlobalSection(ExtensibilityGlobals) = postSolution
		SolutionGuid = {F4574887-EF47-46F1-A01B-E21A656CBA19}
	EndGlobalSection
EndGlobal
